
Microsoft Visual Studio Solution File, Format Version 12.00
# Visual Studio 15
VisualStudioVersion = 15.0.26430.16
MinimumVisualStudioVersion = 10.0.40219.1
Project("{FAE04EC0-301F-11D3-BF4B-00C04F79EFBC}") = "Module01_CS", "Module01_CS\Module01_CS.csproj", "{ED61EF61-2518-4358-9274-AF90546F16DC}"
EndProject
Project("{2150E333-8FDC-42A3-9474-1A3956D46DE8}") = "PlayGround", "PlayGround", "{614BAE00-84EB-47BC-8C41-71B6E2131A8C}"
EndProject
Project("{2150E333-8FDC-42A3-9474-1A3956D46DE8}") = "Assignments", "Assignments", "{5E1B2542-C3EE-4515-8C83-C8E805B50E0F}"
EndProject
Project("{FAE04EC0-301F-11D3-BF4B-00C04F79EFBC}") = "Module02_HelloWorld", "Module02_HelloWorld\Module02_HelloWorld.csproj", "{3B404ABE-B1C1-4EB1-A581-63703EEFA401}"
EndProject
Project("{FAE04EC0-301F-11D3-BF4B-00C04F79EFBC}") = "Module03_ValueTypes", "Module03_ValueTypes\Module03_ValueTypes.csproj", "{52314A04-A84B-4053-A6DE-837C39AAA4A2}"
EndProject
Project("{FAE04EC0-301F-11D3-BF4B-00C04F79EFBC}") = "Module04_ReferenceTypes", "Module04_ReferenceTypes\Module04_ReferenceTypes.csproj", "{224C681D-ACDD-48F7-9929-4B111EF0D1B9}"
EndProject
Project("{FAE04EC0-301F-11D3-BF4B-00C04F79EFBC}") = "Module05_Methods", "Module05_Methods\Module05_Methods.csproj", "{779B2028-C640-4905-A36D-A83A043ACA82}"
EndProject
Project("{FAE04EC0-301F-11D3-BF4B-00C04F79EFBC}") = "Module07_OOP", "Module07_OOP\Module07_OOP.csproj", "{6C6BB1DA-951A-441B-82A8-0459FBCFA693}"
EndProject
Project("{FAE04EC0-301F-11D3-BF4B-00C04F79EFBC}") = "Module08_Inheritance", "Module08_Inheritance\Module08_Inheritance.csproj", "{C6A5C699-6257-4CDE-9C12-70502FDC05E5}"
EndProject
Project("{FAE04EC0-301F-11D3-BF4B-00C04F79EFBC}") = "Module09_ExceptionHandling", "Module09_ExceptionHandling\Module09_ExceptionHandling.csproj", "{BD24CAA3-9A99-4922-B73F-2A1F55486AFF}"
EndProject
Project("{FAE04EC0-301F-11D3-BF4B-00C04F79EFBC}") = "Module10_Interfaces", "Module10_Interfaces\Module10_Interfaces.csproj", "{D483641F-1FC6-47B3-A957-AC7771E1114D}"
EndProject
Project("{FAE04EC0-301F-11D3-BF4B-00C04F79EFBC}") = "Module11_Collections", "Module11_Collections\Module11_Collections.csproj", "{5A6D04FF-61B6-4466-AC97-072ED4CEBA4C}"
EndProject
Project("{FAE04EC0-301F-11D3-BF4B-00C04F79EFBC}") = "Module12_Delegates", "Module12_Delegates\Module12_Delegates.csproj", "{5A1F3DDC-9D77-418A-83F2-DC422391FEB4}"
EndProject
Project("{FAE04EC0-301F-11D3-BF4B-00C04F79EFBC}") = "Module13_Avanced", "Module13_Avanced\Module13_Avanced.csproj", "{1E76C25D-E3DE-46A6-85F2-AD0D99FDD13C}"
EndProject
Project("{FAE04EC0-301F-11D3-BF4B-00C04F79EFBC}") = "Module14_LINQ", "Module14_LINQ\Module14_LINQ.csproj", "{26A8998B-29FB-4676-A5E2-42C60E15D61E}"
EndProject
Project("{FAE04EC0-301F-11D3-BF4B-00C04F79EFBC}") = "HelloWorld", "HelloWorld\HelloWorld.csproj", "{7273B796-A1D4-4F3D-A917-0275CA926500}"
EndProject
Project("{FAE04EC0-301F-11D3-BF4B-00C04F79EFBC}") = "Variabler", "Variabler\Variabler.csproj", "{1C767C5E-9065-46B3-A6DE-8A7E03D26399}"
EndProject
Project("{FAE04EC0-301F-11D3-BF4B-00C04F79EFBC}") = "Arrays", "Arrays\Arrays.csproj", "{1F0ED378-4547-4885-8F9F-F14936354558}"
EndProject
Project("{FAE04EC0-301F-11D3-BF4B-00C04F79EFBC}") = "Strenge", "Strenge\Strenge.csproj", "{4529884D-2C3D-43FE-A25C-3FD7CE054BC1}"
EndProject
Project("{FAE04EC0-301F-11D3-BF4B-00C04F79EFBC}") = "Loops", "Loops\Loops.csproj", "{D0495D4F-18C0-4E72-BAA4-3F5A62CDAF33}"
EndProject
Project("{FAE04EC0-301F-11D3-BF4B-00C04F79EFBC}") = "Module05_brushup", "Module05_brushup\Module05_brushup.csproj", "{23C5071F-BDF6-4A34-BE19-2B96A1F458D6}"
EndProject
Project("{FAE04EC0-301F-11D3-BF4B-00C04F79EFBC}") = "Module06_OOP", "Module_06_OOP\Module06_OOP.csproj", "{E7CD2398-A17C-41F7-8A1C-E86CAED05BDE}"
EndProject
Project("{FAE04EC0-301F-11D3-BF4B-00C04F79EFBC}") = "TerningProc", "Terning\TerningProc.csproj", "{268906DF-973B-44E7-A209-63B958F2D5D0}"
EndProject
Project("{FAE04EC0-301F-11D3-BF4B-00C04F79EFBC}") = "NuMedBæger", "NuMedBæger\NuMedBæger.csproj", "{7A572332-2E6B-4FA5-9D08-B75B31C149C8}"
EndProject
Project("{FAE04EC0-301F-11D3-BF4B-00C04F79EFBC}") = "StatiskeMetoder", "StatiskeMetoder\StatiskeMetoder.csproj", "{22031A99-53D9-4693-8174-95AA4B590894}"
EndProject
Project("{FAE04EC0-301F-11D3-BF4B-00C04F79EFBC}") = "Inheritance8", "Inheritance8\Inheritance8.csproj", "{897FC442-1FD9-43E9-A6D1-7D1B805D65AC}"
EndProject
Project("{FAE04EC0-301F-11D3-BF4B-00C04F79EFBC}") = "ArvTerning", "ArvTerning\ArvTerning.csproj", "{218C3248-997E-4E26-A36A-CFB2B56A08B6}"
EndProject
Project("{FAE04EC0-301F-11D3-BF4B-00C04F79EFBC}") = "PolymorpheDyr", "PolymorpheDyr\PolymorpheDyr.csproj", "{B02151D5-A359-4DB8-BEC3-688F769E18CD}"
EndProject
Global
	GlobalSection(SolutionConfigurationPlatforms) = preSolution
		Debug|Any CPU = Debug|Any CPU
		Release|Any CPU = Release|Any CPU
	EndGlobalSection
	GlobalSection(ProjectConfigurationPlatforms) = postSolution
		{ED61EF61-2518-4358-9274-AF90546F16DC}.Debug|Any CPU.ActiveCfg = Debug|Any CPU
		{ED61EF61-2518-4358-9274-AF90546F16DC}.Debug|Any CPU.Build.0 = Debug|Any CPU
		{ED61EF61-2518-4358-9274-AF90546F16DC}.Release|Any CPU.ActiveCfg = Release|Any CPU
		{ED61EF61-2518-4358-9274-AF90546F16DC}.Release|Any CPU.Build.0 = Release|Any CPU
		{3B404ABE-B1C1-4EB1-A581-63703EEFA401}.Debug|Any CPU.ActiveCfg = Debug|Any CPU
		{3B404ABE-B1C1-4EB1-A581-63703EEFA401}.Debug|Any CPU.Build.0 = Debug|Any CPU
		{3B404ABE-B1C1-4EB1-A581-63703EEFA401}.Release|Any CPU.ActiveCfg = Release|Any CPU
		{3B404ABE-B1C1-4EB1-A581-63703EEFA401}.Release|Any CPU.Build.0 = Release|Any CPU
		{52314A04-A84B-4053-A6DE-837C39AAA4A2}.Debug|Any CPU.ActiveCfg = Debug|Any CPU
		{52314A04-A84B-4053-A6DE-837C39AAA4A2}.Debug|Any CPU.Build.0 = Debug|Any CPU
		{52314A04-A84B-4053-A6DE-837C39AAA4A2}.Release|Any CPU.ActiveCfg = Release|Any CPU
		{52314A04-A84B-4053-A6DE-837C39AAA4A2}.Release|Any CPU.Build.0 = Release|Any CPU
		{224C681D-ACDD-48F7-9929-4B111EF0D1B9}.Debug|Any CPU.ActiveCfg = Debug|Any CPU
		{224C681D-ACDD-48F7-9929-4B111EF0D1B9}.Debug|Any CPU.Build.0 = Debug|Any CPU
		{224C681D-ACDD-48F7-9929-4B111EF0D1B9}.Release|Any CPU.ActiveCfg = Release|Any CPU
		{224C681D-ACDD-48F7-9929-4B111EF0D1B9}.Release|Any CPU.Build.0 = Release|Any CPU
		{779B2028-C640-4905-A36D-A83A043ACA82}.Debug|Any CPU.ActiveCfg = Debug|Any CPU
		{779B2028-C640-4905-A36D-A83A043ACA82}.Debug|Any CPU.Build.0 = Debug|Any CPU
		{779B2028-C640-4905-A36D-A83A043ACA82}.Release|Any CPU.ActiveCfg = Release|Any CPU
		{779B2028-C640-4905-A36D-A83A043ACA82}.Release|Any CPU.Build.0 = Release|Any CPU
		{6C6BB1DA-951A-441B-82A8-0459FBCFA693}.Debug|Any CPU.ActiveCfg = Debug|Any CPU
		{6C6BB1DA-951A-441B-82A8-0459FBCFA693}.Debug|Any CPU.Build.0 = Debug|Any CPU
		{6C6BB1DA-951A-441B-82A8-0459FBCFA693}.Release|Any CPU.ActiveCfg = Release|Any CPU
		{6C6BB1DA-951A-441B-82A8-0459FBCFA693}.Release|Any CPU.Build.0 = Release|Any CPU
		{C6A5C699-6257-4CDE-9C12-70502FDC05E5}.Debug|Any CPU.ActiveCfg = Debug|Any CPU
		{C6A5C699-6257-4CDE-9C12-70502FDC05E5}.Debug|Any CPU.Build.0 = Debug|Any CPU
		{C6A5C699-6257-4CDE-9C12-70502FDC05E5}.Release|Any CPU.ActiveCfg = Release|Any CPU
		{C6A5C699-6257-4CDE-9C12-70502FDC05E5}.Release|Any CPU.Build.0 = Release|Any CPU
		{BD24CAA3-9A99-4922-B73F-2A1F55486AFF}.Debug|Any CPU.ActiveCfg = Debug|Any CPU
		{BD24CAA3-9A99-4922-B73F-2A1F55486AFF}.Debug|Any CPU.Build.0 = Debug|Any CPU
		{BD24CAA3-9A99-4922-B73F-2A1F55486AFF}.Release|Any CPU.ActiveCfg = Release|Any CPU
		{BD24CAA3-9A99-4922-B73F-2A1F55486AFF}.Release|Any CPU.Build.0 = Release|Any CPU
		{D483641F-1FC6-47B3-A957-AC7771E1114D}.Debug|Any CPU.ActiveCfg = Debug|Any CPU
		{D483641F-1FC6-47B3-A957-AC7771E1114D}.Debug|Any CPU.Build.0 = Debug|Any CPU
		{D483641F-1FC6-47B3-A957-AC7771E1114D}.Release|Any CPU.ActiveCfg = Release|Any CPU
		{D483641F-1FC6-47B3-A957-AC7771E1114D}.Release|Any CPU.Build.0 = Release|Any CPU
		{5A6D04FF-61B6-4466-AC97-072ED4CEBA4C}.Debug|Any CPU.ActiveCfg = Debug|Any CPU
		{5A6D04FF-61B6-4466-AC97-072ED4CEBA4C}.Debug|Any CPU.Build.0 = Debug|Any CPU
		{5A6D04FF-61B6-4466-AC97-072ED4CEBA4C}.Release|Any CPU.ActiveCfg = Release|Any CPU
		{5A6D04FF-61B6-4466-AC97-072ED4CEBA4C}.Release|Any CPU.Build.0 = Release|Any CPU
		{5A1F3DDC-9D77-418A-83F2-DC422391FEB4}.Debug|Any CPU.ActiveCfg = Debug|Any CPU
		{5A1F3DDC-9D77-418A-83F2-DC422391FEB4}.Debug|Any CPU.Build.0 = Debug|Any CPU
		{5A1F3DDC-9D77-418A-83F2-DC422391FEB4}.Release|Any CPU.ActiveCfg = Release|Any CPU
		{5A1F3DDC-9D77-418A-83F2-DC422391FEB4}.Release|Any CPU.Build.0 = Release|Any CPU
		{1E76C25D-E3DE-46A6-85F2-AD0D99FDD13C}.Debug|Any CPU.ActiveCfg = Debug|Any CPU
		{1E76C25D-E3DE-46A6-85F2-AD0D99FDD13C}.Debug|Any CPU.Build.0 = Debug|Any CPU
		{1E76C25D-E3DE-46A6-85F2-AD0D99FDD13C}.Release|Any CPU.ActiveCfg = Release|Any CPU
		{1E76C25D-E3DE-46A6-85F2-AD0D99FDD13C}.Release|Any CPU.Build.0 = Release|Any CPU
		{26A8998B-29FB-4676-A5E2-42C60E15D61E}.Debug|Any CPU.ActiveCfg = Debug|Any CPU
		{26A8998B-29FB-4676-A5E2-42C60E15D61E}.Debug|Any CPU.Build.0 = Debug|Any CPU
		{26A8998B-29FB-4676-A5E2-42C60E15D61E}.Release|Any CPU.ActiveCfg = Release|Any CPU
		{26A8998B-29FB-4676-A5E2-42C60E15D61E}.Release|Any CPU.Build.0 = Release|Any CPU
		{7273B796-A1D4-4F3D-A917-0275CA926500}.Debug|Any CPU.ActiveCfg = Debug|Any CPU
		{7273B796-A1D4-4F3D-A917-0275CA926500}.Debug|Any CPU.Build.0 = Debug|Any CPU
		{7273B796-A1D4-4F3D-A917-0275CA926500}.Release|Any CPU.ActiveCfg = Release|Any CPU
		{7273B796-A1D4-4F3D-A917-0275CA926500}.Release|Any CPU.Build.0 = Release|Any CPU
		{1C767C5E-9065-46B3-A6DE-8A7E03D26399}.Debug|Any CPU.ActiveCfg = Debug|Any CPU
		{1C767C5E-9065-46B3-A6DE-8A7E03D26399}.Debug|Any CPU.Build.0 = Debug|Any CPU
		{1C767C5E-9065-46B3-A6DE-8A7E03D26399}.Release|Any CPU.ActiveCfg = Release|Any CPU
		{1C767C5E-9065-46B3-A6DE-8A7E03D26399}.Release|Any CPU.Build.0 = Release|Any CPU
		{1F0ED378-4547-4885-8F9F-F14936354558}.Debug|Any CPU.ActiveCfg = Debug|Any CPU
		{1F0ED378-4547-4885-8F9F-F14936354558}.Debug|Any CPU.Build.0 = Debug|Any CPU
		{1F0ED378-4547-4885-8F9F-F14936354558}.Release|Any CPU.ActiveCfg = Release|Any CPU
		{1F0ED378-4547-4885-8F9F-F14936354558}.Release|Any CPU.Build.0 = Release|Any CPU
		{4529884D-2C3D-43FE-A25C-3FD7CE054BC1}.Debug|Any CPU.ActiveCfg = Debug|Any CPU
		{4529884D-2C3D-43FE-A25C-3FD7CE054BC1}.Debug|Any CPU.Build.0 = Debug|Any CPU
		{4529884D-2C3D-43FE-A25C-3FD7CE054BC1}.Release|Any CPU.ActiveCfg = Release|Any CPU
		{4529884D-2C3D-43FE-A25C-3FD7CE054BC1}.Release|Any CPU.Build.0 = Release|Any CPU
		{D0495D4F-18C0-4E72-BAA4-3F5A62CDAF33}.Debug|Any CPU.ActiveCfg = Debug|Any CPU
		{D0495D4F-18C0-4E72-BAA4-3F5A62CDAF33}.Debug|Any CPU.Build.0 = Debug|Any CPU
		{D0495D4F-18C0-4E72-BAA4-3F5A62CDAF33}.Release|Any CPU.ActiveCfg = Release|Any CPU
		{D0495D4F-18C0-4E72-BAA4-3F5A62CDAF33}.Release|Any CPU.Build.0 = Release|Any CPU
		{23C5071F-BDF6-4A34-BE19-2B96A1F458D6}.Debug|Any CPU.ActiveCfg = Debug|Any CPU
		{23C5071F-BDF6-4A34-BE19-2B96A1F458D6}.Debug|Any CPU.Build.0 = Debug|Any CPU
		{23C5071F-BDF6-4A34-BE19-2B96A1F458D6}.Release|Any CPU.ActiveCfg = Release|Any CPU
		{23C5071F-BDF6-4A34-BE19-2B96A1F458D6}.Release|Any CPU.Build.0 = Release|Any CPU
		{E7CD2398-A17C-41F7-8A1C-E86CAED05BDE}.Debug|Any CPU.ActiveCfg = Debug|Any CPU
		{E7CD2398-A17C-41F7-8A1C-E86CAED05BDE}.Debug|Any CPU.Build.0 = Debug|Any CPU
		{E7CD2398-A17C-41F7-8A1C-E86CAED05BDE}.Release|Any CPU.ActiveCfg = Release|Any CPU
		{E7CD2398-A17C-41F7-8A1C-E86CAED05BDE}.Release|Any CPU.Build.0 = Release|Any CPU
		{268906DF-973B-44E7-A209-63B958F2D5D0}.Debug|Any CPU.ActiveCfg = Debug|Any CPU
		{268906DF-973B-44E7-A209-63B958F2D5D0}.Debug|Any CPU.Build.0 = Debug|Any CPU
		{268906DF-973B-44E7-A209-63B958F2D5D0}.Release|Any CPU.ActiveCfg = Release|Any CPU
		{268906DF-973B-44E7-A209-63B958F2D5D0}.Release|Any CPU.Build.0 = Release|Any CPU
		{7A572332-2E6B-4FA5-9D08-B75B31C149C8}.Debug|Any CPU.ActiveCfg = Debug|Any CPU
		{7A572332-2E6B-4FA5-9D08-B75B31C149C8}.Debug|Any CPU.Build.0 = Debug|Any CPU
		{7A572332-2E6B-4FA5-9D08-B75B31C149C8}.Release|Any CPU.ActiveCfg = Release|Any CPU
		{7A572332-2E6B-4FA5-9D08-B75B31C149C8}.Release|Any CPU.Build.0 = Release|Any CPU
		{22031A99-53D9-4693-8174-95AA4B590894}.Debug|Any CPU.ActiveCfg = Debug|Any CPU
		{22031A99-53D9-4693-8174-95AA4B590894}.Debug|Any CPU.Build.0 = Debug|Any CPU
		{22031A99-53D9-4693-8174-95AA4B590894}.Release|Any CPU.ActiveCfg = Release|Any CPU
		{22031A99-53D9-4693-8174-95AA4B590894}.Release|Any CPU.Build.0 = Release|Any CPU
		{897FC442-1FD9-43E9-A6D1-7D1B805D65AC}.Debug|Any CPU.ActiveCfg = Debug|Any CPU
		{897FC442-1FD9-43E9-A6D1-7D1B805D65AC}.Debug|Any CPU.Build.0 = Debug|Any CPU
		{897FC442-1FD9-43E9-A6D1-7D1B805D65AC}.Release|Any CPU.ActiveCfg = Release|Any CPU
		{897FC442-1FD9-43E9-A6D1-7D1B805D65AC}.Release|Any CPU.Build.0 = Release|Any CPU
		{218C3248-997E-4E26-A36A-CFB2B56A08B6}.Debug|Any CPU.ActiveCfg = Debug|Any CPU
		{218C3248-997E-4E26-A36A-CFB2B56A08B6}.Debug|Any CPU.Build.0 = Debug|Any CPU
		{218C3248-997E-4E26-A36A-CFB2B56A08B6}.Release|Any CPU.ActiveCfg = Release|Any CPU
		{218C3248-997E-4E26-A36A-CFB2B56A08B6}.Release|Any CPU.Build.0 = Release|Any CPU
		{B02151D5-A359-4DB8-BEC3-688F769E18CD}.Debug|Any CPU.ActiveCfg = Debug|Any CPU
		{B02151D5-A359-4DB8-BEC3-688F769E18CD}.Debug|Any CPU.Build.0 = Debug|Any CPU
		{B02151D5-A359-4DB8-BEC3-688F769E18CD}.Release|Any CPU.ActiveCfg = Release|Any CPU
		{B02151D5-A359-4DB8-BEC3-688F769E18CD}.Release|Any CPU.Build.0 = Release|Any CPU
	EndGlobalSection
	GlobalSection(SolutionProperties) = preSolution
		HideSolutionNode = FALSE
	EndGlobalSection
	GlobalSection(NestedProjects) = preSolution
		{ED61EF61-2518-4358-9274-AF90546F16DC} = {614BAE00-84EB-47BC-8C41-71B6E2131A8C}
		{3B404ABE-B1C1-4EB1-A581-63703EEFA401} = {614BAE00-84EB-47BC-8C41-71B6E2131A8C}
		{52314A04-A84B-4053-A6DE-837C39AAA4A2} = {614BAE00-84EB-47BC-8C41-71B6E2131A8C}
		{224C681D-ACDD-48F7-9929-4B111EF0D1B9} = {614BAE00-84EB-47BC-8C41-71B6E2131A8C}
		{779B2028-C640-4905-A36D-A83A043ACA82} = {614BAE00-84EB-47BC-8C41-71B6E2131A8C}
		{6C6BB1DA-951A-441B-82A8-0459FBCFA693} = {614BAE00-84EB-47BC-8C41-71B6E2131A8C}
		{C6A5C699-6257-4CDE-9C12-70502FDC05E5} = {614BAE00-84EB-47BC-8C41-71B6E2131A8C}
		{BD24CAA3-9A99-4922-B73F-2A1F55486AFF} = {614BAE00-84EB-47BC-8C41-71B6E2131A8C}
		{D483641F-1FC6-47B3-A957-AC7771E1114D} = {614BAE00-84EB-47BC-8C41-71B6E2131A8C}
		{5A6D04FF-61B6-4466-AC97-072ED4CEBA4C} = {614BAE00-84EB-47BC-8C41-71B6E2131A8C}
		{5A1F3DDC-9D77-418A-83F2-DC422391FEB4} = {614BAE00-84EB-47BC-8C41-71B6E2131A8C}
		{1E76C25D-E3DE-46A6-85F2-AD0D99FDD13C} = {614BAE00-84EB-47BC-8C41-71B6E2131A8C}
		{26A8998B-29FB-4676-A5E2-42C60E15D61E} = {614BAE00-84EB-47BC-8C41-71B6E2131A8C}
		{7273B796-A1D4-4F3D-A917-0275CA926500} = {5E1B2542-C3EE-4515-8C83-C8E805B50E0F}
		{1C767C5E-9065-46B3-A6DE-8A7E03D26399} = {5E1B2542-C3EE-4515-8C83-C8E805B50E0F}
		{1F0ED378-4547-4885-8F9F-F14936354558} = {5E1B2542-C3EE-4515-8C83-C8E805B50E0F}
		{4529884D-2C3D-43FE-A25C-3FD7CE054BC1} = {5E1B2542-C3EE-4515-8C83-C8E805B50E0F}
		{D0495D4F-18C0-4E72-BAA4-3F5A62CDAF33} = {5E1B2542-C3EE-4515-8C83-C8E805B50E0F}
		{23C5071F-BDF6-4A34-BE19-2B96A1F458D6} = {614BAE00-84EB-47BC-8C41-71B6E2131A8C}
		{E7CD2398-A17C-41F7-8A1C-E86CAED05BDE} = {614BAE00-84EB-47BC-8C41-71B6E2131A8C}
		{268906DF-973B-44E7-A209-63B958F2D5D0} = {5E1B2542-C3EE-4515-8C83-C8E805B50E0F}
		{7A572332-2E6B-4FA5-9D08-B75B31C149C8} = {5E1B2542-C3EE-4515-8C83-C8E805B50E0F}
		{22031A99-53D9-4693-8174-95AA4B590894} = {5E1B2542-C3EE-4515-8C83-C8E805B50E0F}
		{897FC442-1FD9-43E9-A6D1-7D1B805D65AC} = {5E1B2542-C3EE-4515-8C83-C8E805B50E0F}
		{218C3248-997E-4E26-A36A-CFB2B56A08B6} = {5E1B2542-C3EE-4515-8C83-C8E805B50E0F}
		{B02151D5-A359-4DB8-BEC3-688F769E18CD} = {5E1B2542-C3EE-4515-8C83-C8E805B50E0F}
	EndGlobalSection
EndGlobal
